// !$*UTF8*$!
{
	archiveVersion = 1;
	classes = {
	};
	objectVersion = 51;
	objects = {

/* Begin PBXBuildFile section */
		4B3505CB26392FF100808990 /* AppDelegate.swift in Sources */ = {isa = PBXBuildFile; fileRef = 4B3505CA26392FF100808990 /* AppDelegate.swift */; };
		4B3505D326392FF100808990 /* SkinMate.xcdatamodeld in Sources */ = {isa = PBXBuildFile; fileRef = 4B3505D126392FF100808990 /* SkinMate.xcdatamodeld */; };
		4B3505D526392FF300808990 /* Assets.xcassets in Resources */ = {isa = PBXBuildFile; fileRef = 4B3505D426392FF300808990 /* Assets.xcassets */; };
		4B3505D826392FF300808990 /* LaunchScreen.storyboard in Resources */ = {isa = PBXBuildFile; fileRef = 4B3505D626392FF300808990 /* LaunchScreen.storyboard */; };
		4B3E0EEE265B60F2003FA3BF /* BloodGroupViewController.swift in Sources */ = {isa = PBXBuildFile; fileRef = 4B3E0EDE265B60F1003FA3BF /* BloodGroupViewController.swift */; };
		4B3E0EEF265B60F2003FA3BF /* CalenderViewController.swift in Sources */ = {isa = PBXBuildFile; fileRef = 4B3E0EDF265B60F1003FA3BF /* CalenderViewController.swift */; };
		4B3E0EF0265B60F2003FA3BF /* BloodGroupExtension.swift in Sources */ = {isa = PBXBuildFile; fileRef = 4B3E0EE1265B60F1003FA3BF /* BloodGroupExtension.swift */; };
		4B3E0EF1265B60F2003FA3BF /* OTPEnterViewControllerExtension.swift in Sources */ = {isa = PBXBuildFile; fileRef = 4B3E0EE2265B60F1003FA3BF /* OTPEnterViewControllerExtension.swift */; };
		4B3E0EF2265B60F2003FA3BF /* SetupExtension.swift in Sources */ = {isa = PBXBuildFile; fileRef = 4B3E0EE3265B60F1003FA3BF /* SetupExtension.swift */; };
		4B3E0EF3265B60F2003FA3BF /* SignUpExtension.swift in Sources */ = {isa = PBXBuildFile; fileRef = 4B3E0EE4265B60F1003FA3BF /* SignUpExtension.swift */; };
		4B3E0EF4265B60F2003FA3BF /* OtpEnterViewController.swift in Sources */ = {isa = PBXBuildFile; fileRef = 4B3E0EE5265B60F1003FA3BF /* OtpEnterViewController.swift */; };
		4B3E0EF5265B60F2003FA3BF /* OTPErrorViewController.swift in Sources */ = {isa = PBXBuildFile; fileRef = 4B3E0EE6265B60F1003FA3BF /* OTPErrorViewController.swift */; };
		4B3E0EF6265B60F2003FA3BF /* OtpSuccessViewController.swift in Sources */ = {isa = PBXBuildFile; fileRef = 4B3E0EE7265B60F1003FA3BF /* OtpSuccessViewController.swift */; };
		4B3E0EF7265B60F2003FA3BF /* Presentation.swift in Sources */ = {isa = PBXBuildFile; fileRef = 4B3E0EE8265B60F1003FA3BF /* Presentation.swift */; };
		4B3E0EF8265B60F2003FA3BF /* SetProfileViewController.swift in Sources */ = {isa = PBXBuildFile; fileRef = 4B3E0EE9265B60F1003FA3BF /* SetProfileViewController.swift */; };
		4B3E0EF9265B60F2003FA3BF /* SeverIssueViewController.swift in Sources */ = {isa = PBXBuildFile; fileRef = 4B3E0EEA265B60F1003FA3BF /* SeverIssueViewController.swift */; };
		4B3E0EFA265B60F2003FA3BF /* SignUpSuccessViewController.swift in Sources */ = {isa = PBXBuildFile; fileRef = 4B3E0EEB265B60F1003FA3BF /* SignUpSuccessViewController.swift */; };
		4B3E0EFB265B60F2003FA3BF /* SignupViewController.swift in Sources */ = {isa = PBXBuildFile; fileRef = 4B3E0EEC265B60F1003FA3BF /* SignupViewController.swift */; };
		4B3E0EFC265B60F2003FA3BF /* ViewController.swift in Sources */ = {isa = PBXBuildFile; fileRef = 4B3E0EED265B60F1003FA3BF /* ViewController.swift */; };
		4B3E0F03265B61BE003FA3BF /* CallViewController.swift in Sources */ = {isa = PBXBuildFile; fileRef = 4B3E0EFE265B61BE003FA3BF /* CallViewController.swift */; };
		4B3E0F04265B61BE003FA3BF /* CheckInViewController.swift in Sources */ = {isa = PBXBuildFile; fileRef = 4B3E0EFF265B61BE003FA3BF /* CheckInViewController.swift */; };
		4B3E0F05265B61BE003FA3BF /* CompleteCheckViewController.swift in Sources */ = {isa = PBXBuildFile; fileRef = 4B3E0F00265B61BE003FA3BF /* CompleteCheckViewController.swift */; };
		4B3E0F06265B61BE003FA3BF /* ConfirmCheckInViewController.swift in Sources */ = {isa = PBXBuildFile; fileRef = 4B3E0F01265B61BE003FA3BF /* ConfirmCheckInViewController.swift */; };
		4B3E0F07265B61BE003FA3BF /* InstructionViewController.swift in Sources */ = {isa = PBXBuildFile; fileRef = 4B3E0F02265B61BE003FA3BF /* InstructionViewController.swift */; };
		4B3E0F49265B7C91003FA3BF /* OtpSuccess.xib in Resources */ = {isa = PBXBuildFile; fileRef = 4B3E0F44265B7C8E003FA3BF /* OtpSuccess.xib */; };
		4B3E0F4A265B7C91003FA3BF /* Main.storyboard in Resources */ = {isa = PBXBuildFile; fileRef = 4B3E0F45265B7C8F003FA3BF /* Main.storyboard */; };
		4B3E0F4B265B7C91003FA3BF /* OtpSuccess.swift in Sources */ = {isa = PBXBuildFile; fileRef = 4B3E0F46265B7C8F003FA3BF /* OtpSuccess.swift */; };
		4B3E0F4C265B7C91003FA3BF /* OtpView.swift in Sources */ = {isa = PBXBuildFile; fileRef = 4B3E0F47265B7C90003FA3BF /* OtpView.swift */; };
		4B3E0F4D265B7C91003FA3BF /* OtpView.xib in Resources */ = {isa = PBXBuildFile; fileRef = 4B3E0F48265B7C91003FA3BF /* OtpView.xib */; };
		4B3E0F4F265B7CAF003FA3BF /* CheckIn.storyboard in Resources */ = {isa = PBXBuildFile; fileRef = 4B3E0F4E265B7CAE003FA3BF /* CheckIn.storyboard */; };
		4B4F8B512654BC9C00F29E04 /* Notification.storyboard in Resources */ = {isa = PBXBuildFile; fileRef = 4B4F8B502654BC9C00F29E04 /* Notification.storyboard */; };
		4B8964712647FA8400E7BC31 /* Varification.swift in Sources */ = {isa = PBXBuildFile; fileRef = 4B8964702647FA8400E7BC31 /* Varification.swift */; };
		4B8E0AAA26452EFC000F3D97 /* VerifyAPI.swift in Sources */ = {isa = PBXBuildFile; fileRef = 4B8E0AA226452EFB000F3D97 /* VerifyAPI.swift */; };
		4B8E0AAC26452EFC000F3D97 /* RegisterAPI.swift in Sources */ = {isa = PBXBuildFile; fileRef = 4B8E0AA426452EFB000F3D97 /* RegisterAPI.swift */; };
		4B8E0AAE26452EFC000F3D97 /* CreateAPI.swift in Sources */ = {isa = PBXBuildFile; fileRef = 4B8E0AA626452EFC000F3D97 /* CreateAPI.swift */; };
		4B8E0AB026452EFC000F3D97 /* RequestAPI.swift in Sources */ = {isa = PBXBuildFile; fileRef = 4B8E0AA826452EFC000F3D97 /* RequestAPI.swift */; };
		4B8E0AB126452EFC000F3D97 /* Validation.swift in Sources */ = {isa = PBXBuildFile; fileRef = 4B8E0AA926452EFC000F3D97 /* Validation.swift */; };
		4BC07CE9265241130002843A /* NotificationsViewController.swift in Sources */ = {isa = PBXBuildFile; fileRef = 4BC07CE7265241120002843A /* NotificationsViewController.swift */; };
		4BC07CEA265241130002843A /* NotificationTableViewCell.swift in Sources */ = {isa = PBXBuildFile; fileRef = 4BC07CE8265241130002843A /* NotificationTableViewCell.swift */; };
		9BC9C699265BC687004565BA /* HomeViewController.swift in Sources */ = {isa = PBXBuildFile; fileRef = 9BC9C698265BC687004565BA /* HomeViewController.swift */; };
		9BC9C69C265BC6A8004565BA /* Home.storyboard in Resources */ = {isa = PBXBuildFile; fileRef = 9BC9C69B265BC6A8004565BA /* Home.storyboard */; };
		F6C9EF9A011C71C0573F3914 /* Pods_SkinMate.framework in Frameworks */ = {isa = PBXBuildFile; fileRef = BABEA6D56282B78431C42FAF /* Pods_SkinMate.framework */; };
/* End PBXBuildFile section */

/* Begin PBXFileReference section */
		2724F330B0929DFB202B96CA /* Pods-SkinMate.debug.xcconfig */ = {isa = PBXFileReference; includeInIndex = 1; lastKnownFileType = text.xcconfig; name = "Pods-SkinMate.debug.xcconfig"; path = "Target Support Files/Pods-SkinMate/Pods-SkinMate.debug.xcconfig"; sourceTree = "<group>"; };
		4B3505C726392FF100808990 /* SkinMate.app */ = {isa = PBXFileReference; explicitFileType = wrapper.application; includeInIndex = 0; path = SkinMate.app; sourceTree = BUILT_PRODUCTS_DIR; };
		4B3505CA26392FF100808990 /* AppDelegate.swift */ = {isa = PBXFileReference; lastKnownFileType = sourcecode.swift; path = AppDelegate.swift; sourceTree = "<group>"; };
		4B3505D226392FF100808990 /* SkinMate.xcdatamodel */ = {isa = PBXFileReference; lastKnownFileType = wrapper.xcdatamodel; path = SkinMate.xcdatamodel; sourceTree = "<group>"; };
		4B3505D426392FF300808990 /* Assets.xcassets */ = {isa = PBXFileReference; lastKnownFileType = folder.assetcatalog; path = Assets.xcassets; sourceTree = "<group>"; };
		4B3505D726392FF300808990 /* Base */ = {isa = PBXFileReference; lastKnownFileType = file.storyboard; name = Base; path = Base.lproj/LaunchScreen.storyboard; sourceTree = "<group>"; };
		4B3505D926392FF300808990 /* Info.plist */ = {isa = PBXFileReference; lastKnownFileType = text.plist.xml; path = Info.plist; sourceTree = "<group>"; };
		4B3E0EDE265B60F1003FA3BF /* BloodGroupViewController.swift */ = {isa = PBXFileReference; fileEncoding = 4; lastKnownFileType = sourcecode.swift; path = BloodGroupViewController.swift; sourceTree = "<group>"; };
		4B3E0EDF265B60F1003FA3BF /* CalenderViewController.swift */ = {isa = PBXFileReference; fileEncoding = 4; lastKnownFileType = sourcecode.swift; path = CalenderViewController.swift; sourceTree = "<group>"; };
		4B3E0EE1265B60F1003FA3BF /* BloodGroupExtension.swift */ = {isa = PBXFileReference; fileEncoding = 4; lastKnownFileType = sourcecode.swift; path = BloodGroupExtension.swift; sourceTree = "<group>"; };
		4B3E0EE2265B60F1003FA3BF /* OTPEnterViewControllerExtension.swift */ = {isa = PBXFileReference; fileEncoding = 4; lastKnownFileType = sourcecode.swift; path = OTPEnterViewControllerExtension.swift; sourceTree = "<group>"; };
		4B3E0EE3265B60F1003FA3BF /* SetupExtension.swift */ = {isa = PBXFileReference; fileEncoding = 4; lastKnownFileType = sourcecode.swift; path = SetupExtension.swift; sourceTree = "<group>"; };
		4B3E0EE4265B60F1003FA3BF /* SignUpExtension.swift */ = {isa = PBXFileReference; fileEncoding = 4; lastKnownFileType = sourcecode.swift; path = SignUpExtension.swift; sourceTree = "<group>"; };
		4B3E0EE5265B60F1003FA3BF /* OtpEnterViewController.swift */ = {isa = PBXFileReference; fileEncoding = 4; lastKnownFileType = sourcecode.swift; path = OtpEnterViewController.swift; sourceTree = "<group>"; };
		4B3E0EE6265B60F1003FA3BF /* OTPErrorViewController.swift */ = {isa = PBXFileReference; fileEncoding = 4; lastKnownFileType = sourcecode.swift; path = OTPErrorViewController.swift; sourceTree = "<group>"; };
		4B3E0EE7265B60F1003FA3BF /* OtpSuccessViewController.swift */ = {isa = PBXFileReference; fileEncoding = 4; lastKnownFileType = sourcecode.swift; path = OtpSuccessViewController.swift; sourceTree = "<group>"; };
		4B3E0EE8265B60F1003FA3BF /* Presentation.swift */ = {isa = PBXFileReference; fileEncoding = 4; lastKnownFileType = sourcecode.swift; path = Presentation.swift; sourceTree = "<group>"; };
		4B3E0EE9265B60F1003FA3BF /* SetProfileViewController.swift */ = {isa = PBXFileReference; fileEncoding = 4; lastKnownFileType = sourcecode.swift; path = SetProfileViewController.swift; sourceTree = "<group>"; };
		4B3E0EEA265B60F1003FA3BF /* SeverIssueViewController.swift */ = {isa = PBXFileReference; fileEncoding = 4; lastKnownFileType = sourcecode.swift; path = SeverIssueViewController.swift; sourceTree = "<group>"; };
		4B3E0EEB265B60F1003FA3BF /* SignUpSuccessViewController.swift */ = {isa = PBXFileReference; fileEncoding = 4; lastKnownFileType = sourcecode.swift; path = SignUpSuccessViewController.swift; sourceTree = "<group>"; };
		4B3E0EEC265B60F1003FA3BF /* SignupViewController.swift */ = {isa = PBXFileReference; fileEncoding = 4; lastKnownFileType = sourcecode.swift; path = SignupViewController.swift; sourceTree = "<group>"; };
		4B3E0EED265B60F1003FA3BF /* ViewController.swift */ = {isa = PBXFileReference; fileEncoding = 4; lastKnownFileType = sourcecode.swift; path = ViewController.swift; sourceTree = "<group>"; };
		4B3E0EFE265B61BE003FA3BF /* CallViewController.swift */ = {isa = PBXFileReference; fileEncoding = 4; lastKnownFileType = sourcecode.swift; path = CallViewController.swift; sourceTree = "<group>"; };
		4B3E0EFF265B61BE003FA3BF /* CheckInViewController.swift */ = {isa = PBXFileReference; fileEncoding = 4; lastKnownFileType = sourcecode.swift; path = CheckInViewController.swift; sourceTree = "<group>"; };
		4B3E0F00265B61BE003FA3BF /* CompleteCheckViewController.swift */ = {isa = PBXFileReference; fileEncoding = 4; lastKnownFileType = sourcecode.swift; path = CompleteCheckViewController.swift; sourceTree = "<group>"; };
		4B3E0F01265B61BE003FA3BF /* ConfirmCheckInViewController.swift */ = {isa = PBXFileReference; fileEncoding = 4; lastKnownFileType = sourcecode.swift; path = ConfirmCheckInViewController.swift; sourceTree = "<group>"; };
		4B3E0F02265B61BE003FA3BF /* InstructionViewController.swift */ = {isa = PBXFileReference; fileEncoding = 4; lastKnownFileType = sourcecode.swift; path = InstructionViewController.swift; sourceTree = "<group>"; };
		4B3E0F44265B7C8E003FA3BF /* OtpSuccess.xib */ = {isa = PBXFileReference; fileEncoding = 4; lastKnownFileType = file.xib; path = OtpSuccess.xib; sourceTree = "<group>"; };
		4B3E0F45265B7C8F003FA3BF /* Main.storyboard */ = {isa = PBXFileReference; fileEncoding = 4; lastKnownFileType = file.storyboard; path = Main.storyboard; sourceTree = "<group>"; };
		4B3E0F46265B7C8F003FA3BF /* OtpSuccess.swift */ = {isa = PBXFileReference; fileEncoding = 4; lastKnownFileType = sourcecode.swift; path = OtpSuccess.swift; sourceTree = "<group>"; };
		4B3E0F47265B7C90003FA3BF /* OtpView.swift */ = {isa = PBXFileReference; fileEncoding = 4; lastKnownFileType = sourcecode.swift; path = OtpView.swift; sourceTree = "<group>"; };
		4B3E0F48265B7C91003FA3BF /* OtpView.xib */ = {isa = PBXFileReference; fileEncoding = 4; lastKnownFileType = file.xib; path = OtpView.xib; sourceTree = "<group>"; };
		4B3E0F4E265B7CAE003FA3BF /* CheckIn.storyboard */ = {isa = PBXFileReference; fileEncoding = 4; lastKnownFileType = file.storyboard; path = CheckIn.storyboard; sourceTree = "<group>"; };
		4B4F8B502654BC9C00F29E04 /* Notification.storyboard */ = {isa = PBXFileReference; fileEncoding = 4; lastKnownFileType = file.storyboard; path = Notification.storyboard; sourceTree = "<group>"; };
		4B8964702647FA8400E7BC31 /* Varification.swift */ = {isa = PBXFileReference; lastKnownFileType = sourcecode.swift; path = Varification.swift; sourceTree = "<group>"; };
		4B8E0AA226452EFB000F3D97 /* VerifyAPI.swift */ = {isa = PBXFileReference; fileEncoding = 4; lastKnownFileType = sourcecode.swift; path = VerifyAPI.swift; sourceTree = "<group>"; };
		4B8E0AA426452EFB000F3D97 /* RegisterAPI.swift */ = {isa = PBXFileReference; fileEncoding = 4; lastKnownFileType = sourcecode.swift; path = RegisterAPI.swift; sourceTree = "<group>"; };
		4B8E0AA626452EFC000F3D97 /* CreateAPI.swift */ = {isa = PBXFileReference; fileEncoding = 4; lastKnownFileType = sourcecode.swift; path = CreateAPI.swift; sourceTree = "<group>"; };
		4B8E0AA826452EFC000F3D97 /* RequestAPI.swift */ = {isa = PBXFileReference; fileEncoding = 4; lastKnownFileType = sourcecode.swift; path = RequestAPI.swift; sourceTree = "<group>"; };
		4B8E0AA926452EFC000F3D97 /* Validation.swift */ = {isa = PBXFileReference; fileEncoding = 4; lastKnownFileType = sourcecode.swift; path = Validation.swift; sourceTree = "<group>"; };
		4BC07CE7265241120002843A /* NotificationsViewController.swift */ = {isa = PBXFileReference; fileEncoding = 4; lastKnownFileType = sourcecode.swift; path = NotificationsViewController.swift; sourceTree = "<group>"; };
		4BC07CE8265241130002843A /* NotificationTableViewCell.swift */ = {isa = PBXFileReference; fileEncoding = 4; lastKnownFileType = sourcecode.swift; path = NotificationTableViewCell.swift; sourceTree = "<group>"; };
		669EB8871C452773E9277110 /* Pods-SkinMate.release.xcconfig */ = {isa = PBXFileReference; includeInIndex = 1; lastKnownFileType = text.xcconfig; name = "Pods-SkinMate.release.xcconfig"; path = "Target Support Files/Pods-SkinMate/Pods-SkinMate.release.xcconfig"; sourceTree = "<group>"; };
		9BC9C698265BC687004565BA /* HomeViewController.swift */ = {isa = PBXFileReference; fileEncoding = 4; lastKnownFileType = sourcecode.swift; path = HomeViewController.swift; sourceTree = "<group>"; };
		9BC9C69B265BC6A8004565BA /* Home.storyboard */ = {isa = PBXFileReference; fileEncoding = 4; lastKnownFileType = file.storyboard; path = Home.storyboard; sourceTree = "<group>"; };
		BABEA6D56282B78431C42FAF /* Pods_SkinMate.framework */ = {isa = PBXFileReference; explicitFileType = wrapper.framework; includeInIndex = 0; path = Pods_SkinMate.framework; sourceTree = BUILT_PRODUCTS_DIR; };
/* End PBXFileReference section */

/* Begin PBXFrameworksBuildPhase section */
		4B3505C426392FF100808990 /* Frameworks */ = {
			isa = PBXFrameworksBuildPhase;
			buildActionMask = 2147483647;
			files = (
				F6C9EF9A011C71C0573F3914 /* Pods_SkinMate.framework in Frameworks */,
			);
			runOnlyForDeploymentPostprocessing = 0;
		};
/* End PBXFrameworksBuildPhase section */

/* Begin PBXGroup section */
		28CC9D4280DF2827C6360742 /* Frameworks */ = {
			isa = PBXGroup;
			children = (
				BABEA6D56282B78431C42FAF /* Pods_SkinMate.framework */,
			);
			name = Frameworks;
			sourceTree = "<group>";
		};
		2CB775A76DAA64ACE523A377 /* Pods */ = {
			isa = PBXGroup;
			children = (
				2724F330B0929DFB202B96CA /* Pods-SkinMate.debug.xcconfig */,
				669EB8871C452773E9277110 /* Pods-SkinMate.release.xcconfig */,
			);
			path = Pods;
			sourceTree = "<group>";
		};
		4B3505BE26392FF100808990 = {
			isa = PBXGroup;
			children = (
				4B3505C926392FF100808990 /* SkinMate */,
				4B3505C826392FF100808990 /* Products */,
				2CB775A76DAA64ACE523A377 /* Pods */,
				28CC9D4280DF2827C6360742 /* Frameworks */,
			);
			sourceTree = "<group>";
		};
		4B3505C826392FF100808990 /* Products */ = {
			isa = PBXGroup;
			children = (
				4B3505C726392FF100808990 /* SkinMate.app */,
			);
			name = Products;
			sourceTree = "<group>";
		};
		4B3505C926392FF100808990 /* SkinMate */ = {
			isa = PBXGroup;
			children = (
				4B81CD09263C0223001EE6AE /* Extension */,
				4B3505E0263946DD00808990 /* Model */,
				4B3505E1263946ED00808990 /* View */,
				4B3505E22639470300808990 /* Controller */,
				4B3505D926392FF300808990 /* Info.plist */,
				4B3505CA26392FF100808990 /* AppDelegate.swift */,
				4B3505D426392FF300808990 /* Assets.xcassets */,
				4B3505D626392FF300808990 /* LaunchScreen.storyboard */,
			);
			path = SkinMate;
			sourceTree = "<group>";
		};
		4B3505E0263946DD00808990 /* Model */ = {
			isa = PBXGroup;
			children = (
				4B3505D126392FF100808990 /* SkinMate.xcdatamodeld */,
				4B8E0A7E2645017F000F3D97 /* Sign Up */,
			);
			path = Model;
			sourceTree = "<group>";
		};
		4B3505E1263946ED00808990 /* View */ = {
			isa = PBXGroup;
			children = (
				9BC9C69A265BC6A8004565BA /* Home */,
				4B81CD0C263C0B9F001EE6AE /* Sign Up */,
				4B3505E7263947C900808990 /* E-Check In */,
				4B3505E6263947BC00808990 /* Notifications */,
			);
			path = View;
			sourceTree = "<group>";
		};
		4B3505E22639470300808990 /* Controller */ = {
			isa = PBXGroup;
			children = (
				9BC9C697265BC687004565BA /* Home */,
				4B3E0EDD265B60F1003FA3BF /* Sign Up */,
				4B3E0EFD265B61BE003FA3BF /* E-Check In */,
				4B3505EB26394AC800808990 /* Notifications */,
			);
			path = Controller;
			sourceTree = "<group>";
		};
		4B3505E6263947BC00808990 /* Notifications */ = {
			isa = PBXGroup;
			children = (
				4B4F8B502654BC9C00F29E04 /* Notification.storyboard */,
			);
			path = Notifications;
			sourceTree = "<group>";
		};
		4B3505E7263947C900808990 /* E-Check In */ = {
			isa = PBXGroup;
			children = (
				4B3E0F4E265B7CAE003FA3BF /* CheckIn.storyboard */,
			);
			path = "E-Check In";
			sourceTree = "<group>";
		};
		4B3505EB26394AC800808990 /* Notifications */ = {
			isa = PBXGroup;
			children = (
				4BC07CE7265241120002843A /* NotificationsViewController.swift */,
				4BC07CE8265241130002843A /* NotificationTableViewCell.swift */,
			);
			path = Notifications;
			sourceTree = "<group>";
		};
		4B3E0EDD265B60F1003FA3BF /* Sign Up */ = {
			isa = PBXGroup;
			children = (
				4B3E0EDE265B60F1003FA3BF /* BloodGroupViewController.swift */,
				4B3E0EDF265B60F1003FA3BF /* CalenderViewController.swift */,
				4B3E0EE0265B60F1003FA3BF /* Extension */,
				4B3E0EE5265B60F1003FA3BF /* OtpEnterViewController.swift */,
				4B3E0EE6265B60F1003FA3BF /* OTPErrorViewController.swift */,
				4B3E0EE7265B60F1003FA3BF /* OtpSuccessViewController.swift */,
				4B3E0EE8265B60F1003FA3BF /* Presentation.swift */,
				4B3E0EE9265B60F1003FA3BF /* SetProfileViewController.swift */,
				4B3E0EEA265B60F1003FA3BF /* SeverIssueViewController.swift */,
				4B3E0EEB265B60F1003FA3BF /* SignUpSuccessViewController.swift */,
				4B3E0EEC265B60F1003FA3BF /* SignupViewController.swift */,
				4B3E0EED265B60F1003FA3BF /* ViewController.swift */,
			);
			path = "Sign Up";
			sourceTree = "<group>";
		};
		4B3E0EE0265B60F1003FA3BF /* Extension */ = {
			isa = PBXGroup;
			children = (
				4B3E0EE1265B60F1003FA3BF /* BloodGroupExtension.swift */,
				4B3E0EE2265B60F1003FA3BF /* OTPEnterViewControllerExtension.swift */,
				4B3E0EE3265B60F1003FA3BF /* SetupExtension.swift */,
				4B3E0EE4265B60F1003FA3BF /* SignUpExtension.swift */,
			);
			path = Extension;
			sourceTree = "<group>";
		};
		4B3E0EFD265B61BE003FA3BF /* E-Check In */ = {
			isa = PBXGroup;
			children = (
				4B3E0EFE265B61BE003FA3BF /* CallViewController.swift */,
				4B3E0EFF265B61BE003FA3BF /* CheckInViewController.swift */,
				4B3E0F00265B61BE003FA3BF /* CompleteCheckViewController.swift */,
				4B3E0F01265B61BE003FA3BF /* ConfirmCheckInViewController.swift */,
				4B3E0F02265B61BE003FA3BF /* InstructionViewController.swift */,
			);
			path = "E-Check In";
			sourceTree = "<group>";
		};
		4B81CD09263C0223001EE6AE /* Extension */ = {
			isa = PBXGroup;
			children = (
			);
			path = Extension;
			sourceTree = "<group>";
		};
		4B81CD0C263C0B9F001EE6AE /* Sign Up */ = {
			isa = PBXGroup;
			children = (
				4B3E0F45265B7C8F003FA3BF /* Main.storyboard */,
				4B3E0F46265B7C8F003FA3BF /* OtpSuccess.swift */,
				4B3E0F44265B7C8E003FA3BF /* OtpSuccess.xib */,
				4B3E0F47265B7C90003FA3BF /* OtpView.swift */,
				4B3E0F48265B7C91003FA3BF /* OtpView.xib */,
			);
			path = "Sign Up";
			sourceTree = "<group>";
		};
		4B8E0A7E2645017F000F3D97 /* Sign Up */ = {
			isa = PBXGroup;
			children = (
				4B8E0AA626452EFC000F3D97 /* CreateAPI.swift */,
				4B8E0AA426452EFB000F3D97 /* RegisterAPI.swift */,
				4B8E0AA826452EFC000F3D97 /* RequestAPI.swift */,
				4B8E0AA926452EFC000F3D97 /* Validation.swift */,
				4B8E0AA226452EFB000F3D97 /* VerifyAPI.swift */,
				4B8964702647FA8400E7BC31 /* Varification.swift */,
			);
			path = "Sign Up";
			sourceTree = "<group>";
		};
		9BC9C697265BC687004565BA /* Home */ = {
			isa = PBXGroup;
			children = (
				9BC9C698265BC687004565BA /* HomeViewController.swift */,
			);
			path = Home;
			sourceTree = "<group>";
		};
		9BC9C69A265BC6A8004565BA /* Home */ = {
			isa = PBXGroup;
			children = (
				9BC9C69B265BC6A8004565BA /* Home.storyboard */,
			);
			path = Home;
			sourceTree = "<group>";
		};
/* End PBXGroup section */

/* Begin PBXNativeTarget section */
		4B3505C626392FF100808990 /* SkinMate */ = {
			isa = PBXNativeTarget;
			buildConfigurationList = 4B3505DC26392FF300808990 /* Build configuration list for PBXNativeTarget "SkinMate" */;
			buildPhases = (
				A19F0FE9AB9B93FB6554DD72 /* [CP] Check Pods Manifest.lock */,
				4B3505C326392FF100808990 /* Sources */,
				4B3505C426392FF100808990 /* Frameworks */,
				4B3505C526392FF100808990 /* Resources */,
				9F510A0E496915DA7CC0DEC7 /* [CP] Embed Pods Frameworks */,
			);
			buildRules = (
			);
			dependencies = (
			);
			name = SkinMate;
			productName = SkinMate;
			productReference = 4B3505C726392FF100808990 /* SkinMate.app */;
			productType = "com.apple.product-type.application";
		};
/* End PBXNativeTarget section */

/* Begin PBXProject section */
		4B3505BF26392FF100808990 /* Project object */ = {
			isa = PBXProject;
			attributes = {
				LastSwiftUpdateCheck = 1010;
				LastUpgradeCheck = 1010;
				ORGANIZATIONNAME = Datamatics;
				TargetAttributes = {
					4B3505C626392FF100808990 = {
						CreatedOnToolsVersion = 10.1;
					};
				};
			};
			buildConfigurationList = 4B3505C226392FF100808990 /* Build configuration list for PBXProject "SkinMate" */;
			compatibilityVersion = "Xcode 9.3";
			developmentRegion = en;
			hasScannedForEncodings = 0;
			knownRegions = (
				en,
				Base,
			);
			mainGroup = 4B3505BE26392FF100808990;
			productRefGroup = 4B3505C826392FF100808990 /* Products */;
			projectDirPath = "";
			projectRoot = "";
			targets = (
				4B3505C626392FF100808990 /* SkinMate */,
			);
		};
/* End PBXProject section */

/* Begin PBXResourcesBuildPhase section */
		4B3505C526392FF100808990 /* Resources */ = {
			isa = PBXResourcesBuildPhase;
			buildActionMask = 2147483647;
			files = (
				4B3E0F4F265B7CAF003FA3BF /* CheckIn.storyboard in Resources */,
				4B3505D826392FF300808990 /* LaunchScreen.storyboard in Resources */,
				4B3E0F4A265B7C91003FA3BF /* Main.storyboard in Resources */,
				4B3E0F4D265B7C91003FA3BF /* OtpView.xib in Resources */,
				4B3505D526392FF300808990 /* Assets.xcassets in Resources */,
				4B3E0F49265B7C91003FA3BF /* OtpSuccess.xib in Resources */,
				4B4F8B512654BC9C00F29E04 /* Notification.storyboard in Resources */,
				9BC9C69C265BC6A8004565BA /* Home.storyboard in Resources */,
			);
			runOnlyForDeploymentPostprocessing = 0;
		};
/* End PBXResourcesBuildPhase section */

/* Begin PBXShellScriptBuildPhase section */
		9F510A0E496915DA7CC0DEC7 /* [CP] Embed Pods Frameworks */ = {
			isa = PBXShellScriptBuildPhase;
			buildActionMask = 2147483647;
			files = (
			);
			inputFileListPaths = (
				"${PODS_ROOT}/Target Support Files/Pods-SkinMate/Pods-SkinMate-frameworks-${CONFIGURATION}-input-files.xcfilelist",
			);
			name = "[CP] Embed Pods Frameworks";
			outputFileListPaths = (
				"${PODS_ROOT}/Target Support Files/Pods-SkinMate/Pods-SkinMate-frameworks-${CONFIGURATION}-output-files.xcfilelist",
			);
			runOnlyForDeploymentPostprocessing = 0;
			shellPath = /bin/sh;
			shellScript = "\"${PODS_ROOT}/Target Support Files/Pods-SkinMate/Pods-SkinMate-frameworks.sh\"\n";
			showEnvVarsInLog = 0;
		};
		A19F0FE9AB9B93FB6554DD72 /* [CP] Check Pods Manifest.lock */ = {
			isa = PBXShellScriptBuildPhase;
			buildActionMask = 2147483647;
			files = (
			);
			inputFileListPaths = (
			);
			inputPaths = (
				"${PODS_PODFILE_DIR_PATH}/Podfile.lock",
				"${PODS_ROOT}/Manifest.lock",
			);
			name = "[CP] Check Pods Manifest.lock";
			outputFileListPaths = (
			);
			outputPaths = (
				"$(DERIVED_FILE_DIR)/Pods-SkinMate-checkManifestLockResult.txt",
			);
			runOnlyForDeploymentPostprocessing = 0;
			shellPath = /bin/sh;
			shellScript = "diff \"${PODS_PODFILE_DIR_PATH}/Podfile.lock\" \"${PODS_ROOT}/Manifest.lock\" > /dev/null\nif [ $? != 0 ] ; then\n    # print error to STDERR\n    echo \"error: The sandbox is not in sync with the Podfile.lock. Run 'pod install' or update your CocoaPods installation.\" >&2\n    exit 1\nfi\n# This output is used by Xcode 'outputs' to avoid re-running this script phase.\necho \"SUCCESS\" > \"${SCRIPT_OUTPUT_FILE_0}\"\n";
			showEnvVarsInLog = 0;
		};
/* End PBXShellScriptBuildPhase section */

/* Begin PBXSourcesBuildPhase section */
		4B3505C326392FF100808990 /* Sources */ = {
			isa = PBXSourcesBuildPhase;
			buildActionMask = 2147483647;
			files = (
				4B3E0EF8265B60F2003FA3BF /* SetProfileViewController.swift in Sources */,
				4B8964712647FA8400E7BC31 /* Varification.swift in Sources */,
				4B3E0F06265B61BE003FA3BF /* ConfirmCheckInViewController.swift in Sources */,
				4B8E0AAC26452EFC000F3D97 /* RegisterAPI.swift in Sources */,
				4B8E0AB026452EFC000F3D97 /* RequestAPI.swift in Sources */,
				4B3E0EF2265B60F2003FA3BF /* SetupExtension.swift in Sources */,
				4B3E0EF3265B60F2003FA3BF /* SignUpExtension.swift in Sources */,
				4B3E0F05265B61BE003FA3BF /* CompleteCheckViewController.swift in Sources */,
				4B3E0EFA265B60F2003FA3BF /* SignUpSuccessViewController.swift in Sources */,
				4B3E0F4B265B7C91003FA3BF /* OtpSuccess.swift in Sources */,
				4B3E0EF6265B60F2003FA3BF /* OtpSuccessViewController.swift in Sources */,
				4B3E0EEE265B60F2003FA3BF /* BloodGroupViewController.swift in Sources */,
				4B8E0AAA26452EFC000F3D97 /* VerifyAPI.swift in Sources */,
				4B8E0AB126452EFC000F3D97 /* Validation.swift in Sources */,
				4B3E0EF9265B60F2003FA3BF /* SeverIssueViewController.swift in Sources */,
				4B3E0EFB265B60F2003FA3BF /* SignupViewController.swift in Sources */,
				4B3E0EF5265B60F2003FA3BF /* OTPErrorViewController.swift in Sources */,
				4B3E0EF1265B60F2003FA3BF /* OTPEnterViewControllerExtension.swift in Sources */,
				4BC07CE9265241130002843A /* NotificationsViewController.swift in Sources */,
				4B3E0EF4265B60F2003FA3BF /* OtpEnterViewController.swift in Sources */,
				4B3E0EFC265B60F2003FA3BF /* ViewController.swift in Sources */,
				4B3E0EF0265B60F2003FA3BF /* BloodGroupExtension.swift in Sources */,
				4B3E0F03265B61BE003FA3BF /* CallViewController.swift in Sources */,
				4B3E0EF7265B60F2003FA3BF /* Presentation.swift in Sources */,
				4B3505CB26392FF100808990 /* AppDelegate.swift in Sources */,
				4BC07CEA265241130002843A /* NotificationTableViewCell.swift in Sources */,
				4B3E0F04265B61BE003FA3BF /* CheckInViewController.swift in Sources */,
				4B8E0AAE26452EFC000F3D97 /* CreateAPI.swift in Sources */,
				4B3505D326392FF100808990 /* SkinMate.xcdatamodeld in Sources */,
				9BC9C699265BC687004565BA /* HomeViewController.swift in Sources */,
				4B3E0F4C265B7C91003FA3BF /* OtpView.swift in Sources */,
				4B3E0F07265B61BE003FA3BF /* InstructionViewController.swift in Sources */,
				4B3E0EEF265B60F2003FA3BF /* CalenderViewController.swift in Sources */,
			);
			runOnlyForDeploymentPostprocessing = 0;
		};
/* End PBXSourcesBuildPhase section */

/* Begin PBXVariantGroup section */
		4B3505D626392FF300808990 /* LaunchScreen.storyboard */ = {
			isa = PBXVariantGroup;
			children = (
				4B3505D726392FF300808990 /* Base */,
			);
			name = LaunchScreen.storyboard;
			sourceTree = "<group>";
		};
/* End PBXVariantGroup section */

/* Begin XCBuildConfiguration section */
		4B3505DA26392FF300808990 /* Debug */ = {
			isa = XCBuildConfiguration;
			buildSettings = {
				ALWAYS_SEARCH_USER_PATHS = NO;
				CLANG_ANALYZER_NONNULL = YES;
				CLANG_ANALYZER_NUMBER_OBJECT_CONVERSION = YES_AGGRESSIVE;
				CLANG_CXX_LANGUAGE_STANDARD = "gnu++14";
				CLANG_CXX_LIBRARY = "libc++";
				CLANG_ENABLE_MODULES = YES;
				CLANG_ENABLE_OBJC_ARC = YES;
				CLANG_ENABLE_OBJC_WEAK = YES;
				CLANG_WARN_BLOCK_CAPTURE_AUTORELEASING = YES;
				CLANG_WARN_BOOL_CONVERSION = YES;
				CLANG_WARN_COMMA = YES;
				CLANG_WARN_CONSTANT_CONVERSION = YES;
				CLANG_WARN_DEPRECATED_OBJC_IMPLEMENTATIONS = YES;
				CLANG_WARN_DIRECT_OBJC_ISA_USAGE = YES_ERROR;
				CLANG_WARN_DOCUMENTATION_COMMENTS = YES;
				CLANG_WARN_EMPTY_BODY = YES;
				CLANG_WARN_ENUM_CONVERSION = YES;
				CLANG_WARN_INFINITE_RECURSION = YES;
				CLANG_WARN_INT_CONVERSION = YES;
				CLANG_WARN_NON_LITERAL_NULL_CONVERSION = YES;
				CLANG_WARN_OBJC_IMPLICIT_RETAIN_SELF = YES;
				CLANG_WARN_OBJC_LITERAL_CONVERSION = YES;
				CLANG_WARN_OBJC_ROOT_CLASS = YES_ERROR;
				CLANG_WARN_RANGE_LOOP_ANALYSIS = YES;
				CLANG_WARN_STRICT_PROTOTYPES = YES;
				CLANG_WARN_SUSPICIOUS_MOVE = YES;
				CLANG_WARN_UNGUARDED_AVAILABILITY = YES_AGGRESSIVE;
				CLANG_WARN_UNREACHABLE_CODE = YES;
				CLANG_WARN__DUPLICATE_METHOD_MATCH = YES;
				CODE_SIGN_IDENTITY = "iPhone Developer";
				COPY_PHASE_STRIP = NO;
				DEBUG_INFORMATION_FORMAT = dwarf;
				ENABLE_STRICT_OBJC_MSGSEND = YES;
				ENABLE_TESTABILITY = YES;
				GCC_C_LANGUAGE_STANDARD = gnu11;
				GCC_DYNAMIC_NO_PIC = NO;
				GCC_NO_COMMON_BLOCKS = YES;
				GCC_OPTIMIZATION_LEVEL = 0;
				GCC_PREPROCESSOR_DEFINITIONS = (
					"DEBUG=1",
					"$(inherited)",
				);
				GCC_WARN_64_TO_32_BIT_CONVERSION = YES;
				GCC_WARN_ABOUT_RETURN_TYPE = YES_ERROR;
				GCC_WARN_UNDECLARED_SELECTOR = YES;
				GCC_WARN_UNINITIALIZED_AUTOS = YES_AGGRESSIVE;
				GCC_WARN_UNUSED_FUNCTION = YES;
				GCC_WARN_UNUSED_VARIABLE = YES;
				IPHONEOS_DEPLOYMENT_TARGET = 12.1;
				MTL_ENABLE_DEBUG_INFO = INCLUDE_SOURCE;
				MTL_FAST_MATH = YES;
				ONLY_ACTIVE_ARCH = YES;
				SDKROOT = iphoneos;
				SWIFT_ACTIVE_COMPILATION_CONDITIONS = DEBUG;
				SWIFT_OPTIMIZATION_LEVEL = "-Onone";
			};
			name = Debug;
		};
		4B3505DB26392FF300808990 /* Release */ = {
			isa = XCBuildConfiguration;
			buildSettings = {
				ALWAYS_SEARCH_USER_PATHS = NO;
				CLANG_ANALYZER_NONNULL = YES;
				CLANG_ANALYZER_NUMBER_OBJECT_CONVERSION = YES_AGGRESSIVE;
				CLANG_CXX_LANGUAGE_STANDARD = "gnu++14";
				CLANG_CXX_LIBRARY = "libc++";
				CLANG_ENABLE_MODULES = YES;
				CLANG_ENABLE_OBJC_ARC = YES;
				CLANG_ENABLE_OBJC_WEAK = YES;
				CLANG_WARN_BLOCK_CAPTURE_AUTORELEASING = YES;
				CLANG_WARN_BOOL_CONVERSION = YES;
				CLANG_WARN_COMMA = YES;
				CLANG_WARN_CONSTANT_CONVERSION = YES;
				CLANG_WARN_DEPRECATED_OBJC_IMPLEMENTATIONS = YES;
				CLANG_WARN_DIRECT_OBJC_ISA_USAGE = YES_ERROR;
				CLANG_WARN_DOCUMENTATION_COMMENTS = YES;
				CLANG_WARN_EMPTY_BODY = YES;
				CLANG_WARN_ENUM_CONVERSION = YES;
				CLANG_WARN_INFINITE_RECURSION = YES;
				CLANG_WARN_INT_CONVERSION = YES;
				CLANG_WARN_NON_LITERAL_NULL_CONVERSION = YES;
				CLANG_WARN_OBJC_IMPLICIT_RETAIN_SELF = YES;
				CLANG_WARN_OBJC_LITERAL_CONVERSION = YES;
				CLANG_WARN_OBJC_ROOT_CLASS = YES_ERROR;
				CLANG_WARN_RANGE_LOOP_ANALYSIS = YES;
				CLANG_WARN_STRICT_PROTOTYPES = YES;
				CLANG_WARN_SUSPICIOUS_MOVE = YES;
				CLANG_WARN_UNGUARDED_AVAILABILITY = YES_AGGRESSIVE;
				CLANG_WARN_UNREACHABLE_CODE = YES;
				CLANG_WARN__DUPLICATE_METHOD_MATCH = YES;
				CODE_SIGN_IDENTITY = "iPhone Developer";
				COPY_PHASE_STRIP = NO;
				DEBUG_INFORMATION_FORMAT = "dwarf-with-dsym";
				ENABLE_NS_ASSERTIONS = NO;
				ENABLE_STRICT_OBJC_MSGSEND = YES;
				GCC_C_LANGUAGE_STANDARD = gnu11;
				GCC_NO_COMMON_BLOCKS = YES;
				GCC_WARN_64_TO_32_BIT_CONVERSION = YES;
				GCC_WARN_ABOUT_RETURN_TYPE = YES_ERROR;
				GCC_WARN_UNDECLARED_SELECTOR = YES;
				GCC_WARN_UNINITIALIZED_AUTOS = YES_AGGRESSIVE;
				GCC_WARN_UNUSED_FUNCTION = YES;
				GCC_WARN_UNUSED_VARIABLE = YES;
				IPHONEOS_DEPLOYMENT_TARGET = 12.1;
				MTL_ENABLE_DEBUG_INFO = NO;
				MTL_FAST_MATH = YES;
				SDKROOT = iphoneos;
				SWIFT_COMPILATION_MODE = wholemodule;
				SWIFT_OPTIMIZATION_LEVEL = "-O";
				VALIDATE_PRODUCT = YES;
			};
			name = Release;
		};
		4B3505DD26392FF300808990 /* Debug */ = {
			isa = XCBuildConfiguration;
			baseConfigurationReference = 2724F330B0929DFB202B96CA /* Pods-SkinMate.debug.xcconfig */;
			buildSettings = {
				ASSETCATALOG_COMPILER_APPICON_NAME = AppIcon;
				CODE_SIGN_STYLE = Automatic;
				INFOPLIST_FILE = SkinMate/Info.plist;
				IPHONEOS_DEPLOYMENT_TARGET = 12.1;
				LD_RUNPATH_SEARCH_PATHS = (
					"$(inherited)",
					"@executable_path/Frameworks",
				);
				PRODUCT_BUNDLE_IDENTIFIER = datamatics.com.SkinMate;
				PRODUCT_NAME = "$(TARGET_NAME)";
				SWIFT_VERSION = 4.2;
				TARGETED_DEVICE_FAMILY = "1,2";
			};
			name = Debug;
		};
		4B3505DE26392FF300808990 /* Release */ = {
			isa = XCBuildConfiguration;
			baseConfigurationReference = 669EB8871C452773E9277110 /* Pods-SkinMate.release.xcconfig */;
			buildSettings = {
				ASSETCATALOG_COMPILER_APPICON_NAME = AppIcon;
				CODE_SIGN_STYLE = Automatic;
				INFOPLIST_FILE = SkinMate/Info.plist;
				IPHONEOS_DEPLOYMENT_TARGET = 12.1;
				LD_RUNPATH_SEARCH_PATHS = (
					"$(inherited)",
					"@executable_path/Frameworks",
				);
				PRODUCT_BUNDLE_IDENTIFIER = datamatics.com.SkinMate;
				PRODUCT_NAME = "$(TARGET_NAME)";
				SWIFT_VERSION = 4.2;
				TARGETED_DEVICE_FAMILY = "1,2";
			};
			name = Release;
		};
/* End XCBuildConfiguration section */

/* Begin XCConfigurationList section */
		4B3505C226392FF100808990 /* Build configuration list for PBXProject "SkinMate" */ = {
			isa = XCConfigurationList;
			buildConfigurations = (
				4B3505DA26392FF300808990 /* Debug */,
				4B3505DB26392FF300808990 /* Release */,
			);
			defaultConfigurationIsVisible = 0;
			defaultConfigurationName = Release;
		};
		4B3505DC26392FF300808990 /* Build configuration list for PBXNativeTarget "SkinMate" */ = {
			isa = XCConfigurationList;
			buildConfigurations = (
				4B3505DD26392FF300808990 /* Debug */,
				4B3505DE26392FF300808990 /* Release */,
			);
			defaultConfigurationIsVisible = 0;
			defaultConfigurationName = Release;
		};
/* End XCConfigurationList section */

/* Begin XCVersionGroup section */
		4B3505D126392FF100808990 /* SkinMate.xcdatamodeld */ = {
			isa = XCVersionGroup;
			children = (
				4B3505D226392FF100808990 /* SkinMate.xcdatamodel */,
			);
			currentVersion = 4B3505D226392FF100808990 /* SkinMate.xcdatamodel */;
			path = SkinMate.xcdatamodeld;
			sourceTree = "<group>";
			versionGroupType = wrapper.xcdatamodel;
		};
/* End XCVersionGroup section */
	};
	rootObject = 4B3505BF26392FF100808990 /* Project object */;
}
